
Microsoft Visual Studio Solution File, Format Version 12.00
# Visual Studio Version 16
VisualStudioVersion = 16.0.30021.99
MinimumVisualStudioVersion = 10.0.40219.1
Project("{FAE04EC0-301F-11D3-BF4B-00C04F79EFBC}") = "collaborationsync", "collaborationsync\collaborationsync.csproj", "{A9146DFE-14D2-40FE-A240-045C7D4D6E3E}"
EndProject
Global
	GlobalSection(SolutionConfigurationPlatforms) = preSolution
		Debug|Any CPU = Debug|Any CPU
		Release|Any CPU = Release|Any CPU
	EndGlobalSection
	GlobalSection(ProjectConfigurationPlatforms) = postSolution
		{A9146DFE-14D2-40FE-A240-045C7D4D6E3E}.Debug|Any CPU.ActiveCfg = Debug|Any CPU
		{A9146DFE-14D2-40FE-A240-045C7D4D6E3E}.Debug|Any CPU.Build.0 = Debug|Any CPU
		{A9146DFE-14D2-40FE-A240-045C7D4D6E3E}.Release|Any CPU.ActiveCfg = Release|Any CPU
		{A9146DFE-14D2-40FE-A240-045C7D4D6E3E}.Release|Any CPU.Build.0 = Release|Any CPU
	EndGlobalSection
	GlobalSection(SolutionProperties) = preSolution
		HideSolutionNode = FALSE
	EndGlobalSection
	GlobalSection(ExtensibilityGlobals) = postSolution
		SolutionGuid = {88F5E32B-B65A-4736-AD8D-83BF21F2CAE4}
	EndGlobalSection
EndGlobal
